// !$*UTF8*$!
{
	archiveVersion = 1;
	classes = {
	};
	objectVersion = 46;
	objects = {

/* Begin PBXBuildFile section */
		A00FED741C45306900395645 /* AMMainView.m in Sources */ = {isa = PBXBuildFile; fileRef = A00FED731C45306900395645 /* AMMainView.m */; };
		A0E5FB0E1C33C5D600FE25A4 /* main.m in Sources */ = {isa = PBXBuildFile; fileRef = A0E5FB0D1C33C5D600FE25A4 /* main.m */; };
		A0E5FB111C33C5D600FE25A4 /* AppDelegate.m in Sources */ = {isa = PBXBuildFile; fileRef = A0E5FB101C33C5D600FE25A4 /* AppDelegate.m */; };
		A0E5FB191C33C5D600FE25A4 /* Assets.xcassets in Resources */ = {isa = PBXBuildFile; fileRef = A0E5FB181C33C5D600FE25A4 /* Assets.xcassets */; };
		A0E5FB1C1C33C5D600FE25A4 /* LaunchScreen.storyboard in Resources */ = {isa = PBXBuildFile; fileRef = A0E5FB1A1C33C5D600FE25A4 /* LaunchScreen.storyboard */; };
		A0E5FB271C33C5D600FE25A4 /* DrawerViewControllerTests.m in Sources */ = {isa = PBXBuildFile; fileRef = A0E5FB261C33C5D600FE25A4 /* DrawerViewControllerTests.m */; };
		A0E5FB321C33C5D600FE25A4 /* DrawerViewControllerUITests.m in Sources */ = {isa = PBXBuildFile; fileRef = A0E5FB311C33C5D600FE25A4 /* DrawerViewControllerUITests.m */; };
		A0E5FB411C33C6D100FE25A4 /* AMDrawerViewController.m in Sources */ = {isa = PBXBuildFile; fileRef = A0E5FB401C33C6D100FE25A4 /* AMDrawerViewController.m */; };
		A0EE89701C362D1600F48ADC /* AMViewController.m in Sources */ = {isa = PBXBuildFile; fileRef = A0EE896F1C362D1600F48ADC /* AMViewController.m */; };
		A0EE89731C362DA300F48ADC /* AMMainViewController.m in Sources */ = {isa = PBXBuildFile; fileRef = A0EE89721C362DA300F48ADC /* AMMainViewController.m */; };
/* End PBXBuildFile section */

/* Begin PBXContainerItemProxy section */
		A0E5FB231C33C5D600FE25A4 /* PBXContainerItemProxy */ = {
			isa = PBXContainerItemProxy;
			containerPortal = A0E5FB011C33C5D600FE25A4 /* Project object */;
			proxyType = 1;
			remoteGlobalIDString = A0E5FB081C33C5D600FE25A4;
			remoteInfo = DrawerViewController;
		};
		A0E5FB2E1C33C5D600FE25A4 /* PBXContainerItemProxy */ = {
			isa = PBXContainerItemProxy;
			containerPortal = A0E5FB011C33C5D600FE25A4 /* Project object */;
			proxyType = 1;
			remoteGlobalIDString = A0E5FB081C33C5D600FE25A4;
			remoteInfo = DrawerViewController;
		};
/* End PBXContainerItemProxy section */

/* Begin PBXFileReference section */
		A00FED721C45306900395645 /* AMMainView.h */ = {isa = PBXFileReference; fileEncoding = 4; lastKnownFileType = sourcecode.c.h; path = AMMainView.h; sourceTree = "<group>"; };
		A00FED731C45306900395645 /* AMMainView.m */ = {isa = PBXFileReference; fileEncoding = 4; lastKnownFileType = sourcecode.c.objc; path = AMMainView.m; sourceTree = "<group>"; };
		A0E5FB091C33C5D600FE25A4 /* DrawerViewController.app */ = {isa = PBXFileReference; explicitFileType = wrapper.application; includeInIndex = 0; path = DrawerViewController.app; sourceTree = BUILT_PRODUCTS_DIR; };
		A0E5FB0D1C33C5D600FE25A4 /* main.m */ = {isa = PBXFileReference; lastKnownFileType = sourcecode.c.objc; path = main.m; sourceTree = "<group>"; };
		A0E5FB0F1C33C5D600FE25A4 /* AppDelegate.h */ = {isa = PBXFileReference; lastKnownFileType = sourcecode.c.h; path = AppDelegate.h; sourceTree = "<group>"; };
		A0E5FB101C33C5D600FE25A4 /* AppDelegate.m */ = {isa = PBXFileReference; lastKnownFileType = sourcecode.c.objc; path = AppDelegate.m; sourceTree = "<group>"; };
		A0E5FB181C33C5D600FE25A4 /* Assets.xcassets */ = {isa = PBXFileReference; lastKnownFileType = folder.assetcatalog; path = Assets.xcassets; sourceTree = "<group>"; };
		A0E5FB1B1C33C5D600FE25A4 /* Base */ = {isa = PBXFileReference; lastKnownFileType = file.storyboard; name = Base; path = Base.lproj/LaunchScreen.storyboard; sourceTree = "<group>"; };
		A0E5FB1D1C33C5D600FE25A4 /* Info.plist */ = {isa = PBXFileReference; lastKnownFileType = text.plist.xml; path = Info.plist; sourceTree = "<group>"; };
		A0E5FB221C33C5D600FE25A4 /* DrawerViewControllerTests.xctest */ = {isa = PBXFileReference; explicitFileType = wrapper.cfbundle; includeInIndex = 0; path = DrawerViewControllerTests.xctest; sourceTree = BUILT_PRODUCTS_DIR; };
		A0E5FB261C33C5D600FE25A4 /* DrawerViewControllerTests.m */ = {isa = PBXFileReference; lastKnownFileType = sourcecode.c.objc; path = DrawerViewControllerTests.m; sourceTree = "<group>"; };
		A0E5FB281C33C5D600FE25A4 /* Info.plist */ = {isa = PBXFileReference; lastKnownFileType = text.plist.xml; path = Info.plist; sourceTree = "<group>"; };
		A0E5FB2D1C33C5D600FE25A4 /* DrawerViewControllerUITests.xctest */ = {isa = PBXFileReference; explicitFileType = wrapper.cfbundle; includeInIndex = 0; path = DrawerViewControllerUITests.xctest; sourceTree = BUILT_PRODUCTS_DIR; };
		A0E5FB311C33C5D600FE25A4 /* DrawerViewControllerUITests.m */ = {isa = PBXFileReference; lastKnownFileType = sourcecode.c.objc; path = DrawerViewControllerUITests.m; sourceTree = "<group>"; };
		A0E5FB331C33C5D600FE25A4 /* Info.plist */ = {isa = PBXFileReference; lastKnownFileType = text.plist.xml; path = Info.plist; sourceTree = "<group>"; };
		A0E5FB3F1C33C6D100FE25A4 /* AMDrawerViewController.h */ = {isa = PBXFileReference; fileEncoding = 4; lastKnownFileType = sourcecode.c.h; path = AMDrawerViewController.h; sourceTree = "<group>"; };
		A0E5FB401C33C6D100FE25A4 /* AMDrawerViewController.m */ = {isa = PBXFileReference; fileEncoding = 4; lastKnownFileType = sourcecode.c.objc; path = AMDrawerViewController.m; sourceTree = "<group>"; };
		A0EE896E1C362D1600F48ADC /* AMViewController.h */ = {isa = PBXFileReference; fileEncoding = 4; lastKnownFileType = sourcecode.c.h; path = AMViewController.h; sourceTree = "<group>"; };
		A0EE896F1C362D1600F48ADC /* AMViewController.m */ = {isa = PBXFileReference; fileEncoding = 4; lastKnownFileType = sourcecode.c.objc; path = AMViewController.m; sourceTree = "<group>"; };
		A0EE89711C362DA300F48ADC /* AMMainViewController.h */ = {isa = PBXFileReference; fileEncoding = 4; lastKnownFileType = sourcecode.c.h; path = AMMainViewController.h; sourceTree = "<group>"; };
		A0EE89721C362DA300F48ADC /* AMMainViewController.m */ = {isa = PBXFileReference; fileEncoding = 4; lastKnownFileType = sourcecode.c.objc; path = AMMainViewController.m; sourceTree = "<group>"; };
/* End PBXFileReference section */

/* Begin PBXFrameworksBuildPhase section */
		A0E5FB061C33C5D600FE25A4 /* Frameworks */ = {
			isa = PBXFrameworksBuildPhase;
			buildActionMask = 2147483647;
			files = (
			);
			runOnlyForDeploymentPostprocessing = 0;
		};
		A0E5FB1F1C33C5D600FE25A4 /* Frameworks */ = {
			isa = PBXFrameworksBuildPhase;
			buildActionMask = 2147483647;
			files = (
			);
			runOnlyForDeploymentPostprocessing = 0;
		};
		A0E5FB2A1C33C5D600FE25A4 /* Frameworks */ = {
			isa = PBXFrameworksBuildPhase;
			buildActionMask = 2147483647;
			files = (
			);
			runOnlyForDeploymentPostprocessing = 0;
		};
/* End PBXFrameworksBuildPhase section */

/* Begin PBXGroup section */
		A0E5FB001C33C5D600FE25A4 = {
			isa = PBXGroup;
			children = (
				A0E5FB0B1C33C5D600FE25A4 /* DrawerViewController */,
				A0E5FB251C33C5D600FE25A4 /* DrawerViewControllerTests */,
				A0E5FB301C33C5D600FE25A4 /* DrawerViewControllerUITests */,
				A0E5FB0A1C33C5D600FE25A4 /* Products */,
			);
			sourceTree = "<group>";
		};
		A0E5FB0A1C33C5D600FE25A4 /* Products */ = {
			isa = PBXGroup;
			children = (
				A0E5FB091C33C5D600FE25A4 /* DrawerViewController.app */,
				A0E5FB221C33C5D600FE25A4 /* DrawerViewControllerTests.xctest */,
				A0E5FB2D1C33C5D600FE25A4 /* DrawerViewControllerUITests.xctest */,
			);
			name = Products;
			sourceTree = "<group>";
		};
		A0E5FB0B1C33C5D600FE25A4 /* DrawerViewController */ = {
			isa = PBXGroup;
			children = (
				A0E5FB0F1C33C5D600FE25A4 /* AppDelegate.h */,
				A0E5FB101C33C5D600FE25A4 /* AppDelegate.m */,
				A0E5FB181C33C5D600FE25A4 /* Assets.xcassets */,
				A0E5FB1A1C33C5D600FE25A4 /* LaunchScreen.storyboard */,
				A0E5FB1D1C33C5D600FE25A4 /* Info.plist */,
				A0E5FB0C1C33C5D600FE25A4 /* Supporting Files */,
				A0E5FB3F1C33C6D100FE25A4 /* AMDrawerViewController.h */,
				A0E5FB401C33C6D100FE25A4 /* AMDrawerViewController.m */,
				A0EE896E1C362D1600F48ADC /* AMViewController.h */,
				A0EE896F1C362D1600F48ADC /* AMViewController.m */,
				A0EE89711C362DA300F48ADC /* AMMainViewController.h */,
				A0EE89721C362DA300F48ADC /* AMMainViewController.m */,
				A00FED721C45306900395645 /* AMMainView.h */,
				A00FED731C45306900395645 /* AMMainView.m */,
			);
			path = DrawerViewController;
			sourceTree = "<group>";
		};
		A0E5FB0C1C33C5D600FE25A4 /* Supporting Files */ = {
			isa = PBXGroup;
			children = (
				A0E5FB0D1C33C5D600FE25A4 /* main.m */,
			);
			name = "Supporting Files";
			sourceTree = "<group>";
		};
		A0E5FB251C33C5D600FE25A4 /* DrawerViewControllerTests */ = {
			isa = PBXGroup;
			children = (
				A0E5FB261C33C5D600FE25A4 /* DrawerViewControllerTests.m */,
				A0E5FB281C33C5D600FE25A4 /* Info.plist */,
			);
			path = DrawerViewControllerTests;
			sourceTree = "<group>";
		};
		A0E5FB301C33C5D600FE25A4 /* DrawerViewControllerUITests */ = {
			isa = PBXGroup;
			children = (
				A0E5FB311C33C5D600FE25A4 /* DrawerViewControllerUITests.m */,
				A0E5FB331C33C5D600FE25A4 /* Info.plist */,
			);
			path = DrawerViewControllerUITests;
			sourceTree = "<group>";
		};
/* End PBXGroup section */

/* Begin PBXNativeTarget section */
		A0E5FB081C33C5D600FE25A4 /* DrawerViewController */ = {
			isa = PBXNativeTarget;
			buildConfigurationList = A0E5FB361C33C5D600FE25A4 /* Build configuration list for PBXNativeTarget "DrawerViewController" */;
			buildPhases = (
				A0E5FB051C33C5D600FE25A4 /* Sources */,
				A0E5FB061C33C5D600FE25A4 /* Frameworks */,
				A0E5FB071C33C5D600FE25A4 /* Resources */,
			);
			buildRules = (
			);
			dependencies = (
			);
			name = DrawerViewController;
			productName = DrawerViewController;
			productReference = A0E5FB091C33C5D600FE25A4 /* DrawerViewController.app */;
			productType = "com.apple.product-type.application";
		};
		A0E5FB211C33C5D600FE25A4 /* DrawerViewControllerTests */ = {
			isa = PBXNativeTarget;
			buildConfigurationList = A0E5FB391C33C5D600FE25A4 /* Build configuration list for PBXNativeTarget "DrawerViewControllerTests" */;
			buildPhases = (
				A0E5FB1E1C33C5D600FE25A4 /* Sources */,
				A0E5FB1F1C33C5D600FE25A4 /* Frameworks */,
				A0E5FB201C33C5D600FE25A4 /* Resources */,
			);
			buildRules = (
			);
			dependencies = (
				A0E5FB241C33C5D600FE25A4 /* PBXTargetDependency */,
			);
			name = DrawerViewControllerTests;
			productName = DrawerViewControllerTests;
			productReference = A0E5FB221C33C5D600FE25A4 /* DrawerViewControllerTests.xctest */;
			productType = "com.apple.product-type.bundle.unit-test";
		};
		A0E5FB2C1C33C5D600FE25A4 /* DrawerViewControllerUITests */ = {
			isa = PBXNativeTarget;
			buildConfigurationList = A0E5FB3C1C33C5D600FE25A4 /* Build configuration list for PBXNativeTarget "DrawerViewControllerUITests" */;
			buildPhases = (
				A0E5FB291C33C5D600FE25A4 /* Sources */,
				A0E5FB2A1C33C5D600FE25A4 /* Frameworks */,
				A0E5FB2B1C33C5D600FE25A4 /* Resources */,
			);
			buildRules = (
			);
			dependencies = (
				A0E5FB2F1C33C5D600FE25A4 /* PBXTargetDependency */,
			);
			name = DrawerViewControllerUITests;
			productName = DrawerViewControllerUITests;
			productReference = A0E5FB2D1C33C5D600FE25A4 /* DrawerViewControllerUITests.xctest */;
			productType = "com.apple.product-type.bundle.ui-testing";
		};
/* End PBXNativeTarget section */

/* Begin PBXProject section */
		A0E5FB011C33C5D600FE25A4 /* Project object */ = {
			isa = PBXProject;
			attributes = {
				CLASSPREFIX = AM;
				LastUpgradeCheck = 0720;
				ORGANIZATIONNAME = ammar;
				TargetAttributes = {
					A0E5FB081C33C5D600FE25A4 = {
						CreatedOnToolsVersion = 7.2;
						DevelopmentTeam = 92ZKLC8K9P;
					};
					A0E5FB211C33C5D600FE25A4 = {
						CreatedOnToolsVersion = 7.2;
						DevelopmentTeam = 92ZKLC8K9P;
						TestTargetID = A0E5FB081C33C5D600FE25A4;
					};
					A0E5FB2C1C33C5D600FE25A4 = {
						CreatedOnToolsVersion = 7.2;
						DevelopmentTeam = 92ZKLC8K9P;
						TestTargetID = A0E5FB081C33C5D600FE25A4;
					};
				};
			};
			buildConfigurationList = A0E5FB041C33C5D600FE25A4 /* Build configuration list for PBXProject "DrawerViewController" */;
			compatibilityVersion = "Xcode 3.2";
			developmentRegion = English;
			hasScannedForEncodings = 0;
			knownRegions = (
				en,
				Base,
			);
			mainGroup = A0E5FB001C33C5D600FE25A4;
			productRefGroup = A0E5FB0A1C33C5D600FE25A4 /* Products */;
			projectDirPath = "";
			projectRoot = "";
			targets = (
				A0E5FB081C33C5D600FE25A4 /* DrawerViewController */,
				A0E5FB211C33C5D600FE25A4 /* DrawerViewControllerTests */,
				A0E5FB2C1C33C5D600FE25A4 /* DrawerViewControllerUITests */,
			);
		};
/* End PBXProject section */

/* Begin PBXResourcesBuildPhase section */
		A0E5FB071C33C5D600FE25A4 /* Resources */ = {
			isa = PBXResourcesBuildPhase;
			buildActionMask = 2147483647;
			files = (
				A0E5FB1C1C33C5D600FE25A4 /* LaunchScreen.storyboard in Resources */,
				A0E5FB191C33C5D600FE25A4 /* Assets.xcassets in Resources */,
			);
			runOnlyForDeploymentPostprocessing = 0;
		};
		A0E5FB201C33C5D600FE25A4 /* Resources */ = {
			isa = PBXResourcesBuildPhase;
			buildActionMask = 2147483647;
			files = (
			);
			runOnlyForDeploymentPostprocessing = 0;
		};
		A0E5FB2B1C33C5D600FE25A4 /* Resources */ = {
			isa = PBXResourcesBuildPhase;
			buildActionMask = 2147483647;
			files = (
			);
			runOnlyForDeploymentPostprocessing = 0;
		};
/* End PBXResourcesBuildPhase section */

/* Begin PBXSourcesBuildPhase section */
		A0E5FB051C33C5D600FE25A4 /* Sources */ = {
			isa = PBXSourcesBuildPhase;
			buildActionMask = 2147483647;
			files = (
				A0E5FB411C33C6D100FE25A4 /* AMDrawerViewController.m in Sources */,
				A00FED741C45306900395645 /* AMMainView.m in Sources */,
				A0E5FB111C33C5D600FE25A4 /* AppDelegate.m in Sources */,
				A0EE89701C362D1600F48ADC /* AMViewController.m in Sources */,
				A0EE89731C362DA300F48ADC /* AMMainViewController.m in Sources */,
				A0E5FB0E1C33C5D600FE25A4 /* main.m in Sources */,
			);
			runOnlyForDeploymentPostprocessing = 0;
		};
		A0E5FB1E1C33C5D600FE25A4 /* Sources */ = {
			isa = PBXSourcesBuildPhase;
			buildActionMask = 2147483647;
			files = (
				A0E5FB271C33C5D600FE25A4 /* DrawerViewControllerTests.m in Sources */,
			);
			runOnlyForDeploymentPostprocessing = 0;
		};
		A0E5FB291C33C5D600FE25A4 /* Sources */ = {
			isa = PBXSourcesBuildPhase;
			buildActionMask = 2147483647;
			files = (
				A0E5FB321C33C5D600FE25A4 /* DrawerViewControllerUITests.m in Sources */,
			);
			runOnlyForDeploymentPostprocessing = 0;
		};
/* End PBXSourcesBuildPhase section */

/* Begin PBXTargetDependency section */
		A0E5FB241C33C5D600FE25A4 /* PBXTargetDependency */ = {
			isa = PBXTargetDependency;
			target = A0E5FB081C33C5D600FE25A4 /* DrawerViewController */;
			targetProxy = A0E5FB231C33C5D600FE25A4 /* PBXContainerItemProxy */;
		};
		A0E5FB2F1C33C5D600FE25A4 /* PBXTargetDependency */ = {
			isa = PBXTargetDependency;
			target = A0E5FB081C33C5D600FE25A4 /* DrawerViewController */;
			targetProxy = A0E5FB2E1C33C5D600FE25A4 /* PBXContainerItemProxy */;
		};
/* End PBXTargetDependency section */

/* Begin PBXVariantGroup section */
		A0E5FB1A1C33C5D600FE25A4 /* LaunchScreen.storyboard */ = {
			isa = PBXVariantGroup;
			children = (
				A0E5FB1B1C33C5D600FE25A4 /* Base */,
			);
			name = LaunchScreen.storyboard;
			sourceTree = "<group>";
		};
/* End PBXVariantGroup section */

/* Begin XCBuildConfiguration section */
		A0E5FB341C33C5D600FE25A4 /* Debug */ = {
			isa = XCBuildConfiguration;
			buildSettings = {
				ALWAYS_SEARCH_USER_PATHS = NO;
				CLANG_CXX_LANGUAGE_STANDARD = "gnu++0x";
				CLANG_CXX_LIBRARY = "libc++";
				CLANG_ENABLE_MODULES = YES;
				CLANG_ENABLE_OBJC_ARC = YES;
				CLANG_WARN_BOOL_CONVERSION = YES;
				CLANG_WARN_CONSTANT_CONVERSION = YES;
				CLANG_WARN_DIRECT_OBJC_ISA_USAGE = YES_ERROR;
				CLANG_WARN_EMPTY_BODY = YES;
				CLANG_WARN_ENUM_CONVERSION = YES;
				CLANG_WARN_INT_CONVERSION = YES;
				CLANG_WARN_OBJC_ROOT_CLASS = YES_ERROR;
				CLANG_WARN_UNREACHABLE_CODE = YES;
				CLANG_WARN__DUPLICATE_METHOD_MATCH = YES;
				"CODE_SIGN_IDENTITY[sdk=iphoneos*]" = "iPhone Developer";
				COPY_PHASE_STRIP = NO;
				DEBUG_INFORMATION_FORMAT = dwarf;
				ENABLE_STRICT_OBJC_MSGSEND = YES;
				ENABLE_TESTABILITY = YES;
				GCC_C_LANGUAGE_STANDARD = gnu99;
				GCC_DYNAMIC_NO_PIC = NO;
				GCC_NO_COMMON_BLOCKS = YES;
				GCC_OPTIMIZATION_LEVEL = 0;
				GCC_PREPROCESSOR_DEFINITIONS = (
					"DEBUG=1",
					"$(inherited)",
				);
				GCC_WARN_64_TO_32_BIT_CONVERSION = YES;
				GCC_WARN_ABOUT_RETURN_TYPE = YES_ERROR;
				GCC_WARN_UNDECLARED_SELECTOR = YES;
				GCC_WARN_UNINITIALIZED_AUTOS = YES_AGGRESSIVE;
				GCC_WARN_UNUSED_FUNCTION = YES;
				GCC_WARN_UNUSED_VARIABLE = YES;
				IPHONEOS_DEPLOYMENT_TARGET = 9.2;
				MTL_ENABLE_DEBUG_INFO = YES;
				ONLY_ACTIVE_ARCH = YES;
				SDKROOT = iphoneos;
			};
			name = Debug;
		};
		A0E5FB351C33C5D600FE25A4 /* Release */ = {
			isa = XCBuildConfiguration;
			buildSettings = {
				ALWAYS_SEARCH_USER_PATHS = NO;
				CLANG_CXX_LANGUAGE_STANDARD = "gnu++0x";
				CLANG_CXX_LIBRARY = "libc++";
				CLANG_ENABLE_MODULES = YES;
				CLANG_ENABLE_OBJC_ARC = YES;
				CLANG_WARN_BOOL_CONVERSION = YES;
				CLANG_WARN_CONSTANT_CONVERSION = YES;
				CLANG_WARN_DIRECT_OBJC_ISA_USAGE = YES_ERROR;
				CLANG_WARN_EMPTY_BODY = YES;
				CLANG_WARN_ENUM_CONVERSION = YES;
				CLANG_WARN_INT_CONVERSION = YES;
				CLANG_WARN_OBJC_ROOT_CLASS = YES_ERROR;
				CLANG_WARN_UNREACHABLE_CODE = YES;
				CLANG_WARN__DUPLICATE_METHOD_MATCH = YES;
				"CODE_SIGN_IDENTITY[sdk=iphoneos*]" = "iPhone Developer";
				COPY_PHASE_STRIP = NO;
				DEBUG_INFORMATION_FORMAT = "dwarf-with-dsym";
				ENABLE_NS_ASSERTIONS = NO;
				ENABLE_STRICT_OBJC_MSGSEND = YES;
				GCC_C_LANGUAGE_STANDARD = gnu99;
				GCC_NO_COMMON_BLOCKS = YES;
				GCC_WARN_64_TO_32_BIT_CONVERSION = YES;
				GCC_WARN_ABOUT_RETURN_TYPE = YES_ERROR;
				GCC_WARN_UNDECLARED_SELECTOR = YES;
				GCC_WARN_UNINITIALIZED_AUTOS = YES_AGGRESSIVE;
				GCC_WARN_UNUSED_FUNCTION = YES;
				GCC_WARN_UNUSED_VARIABLE = YES;
				IPHONEOS_DEPLOYMENT_TARGET = 9.2;
				MTL_ENABLE_DEBUG_INFO = NO;
				SDKROOT = iphoneos;
				VALIDATE_PRODUCT = YES;
			};
			name = Release;
		};
		A0E5FB371C33C5D600FE25A4 /* Debug */ = {
			isa = XCBuildConfiguration;
			buildSettings = {
				ASSETCATALOG_COMPILER_APPICON_NAME = AppIcon;
				INFOPLIST_FILE = DrawerViewController/Info.plist;
				LD_RUNPATH_SEARCH_PATHS = "$(inherited) @executable_path/Frameworks";
				PRODUCT_BUNDLE_IDENTIFIER = com.ammar.DrawerViewController;
				PRODUCT_NAME = "$(TARGET_NAME)";
			};
			name = Debug;
		};
		A0E5FB381C33C5D600FE25A4 /* Release */ = {
			isa = XCBuildConfiguration;
			buildSettings = {
				ASSETCATALOG_COMPILER_APPICON_NAME = AppIcon;
				INFOPLIST_FILE = DrawerViewController/Info.plist;
				LD_RUNPATH_SEARCH_PATHS = "$(inherited) @executable_path/Frameworks";
				PRODUCT_BUNDLE_IDENTIFIER = com.ammar.DrawerViewController;
				PRODUCT_NAME = "$(TARGET_NAME)";
			};
			name = Release;
		};
		A0E5FB3A1C33C5D600FE25A4 /* Debug */ = {
			isa = XCBuildConfiguration;
			buildSettings = {
				BUNDLE_LOADER = "$(TEST_HOST)";
				INFOPLIST_FILE = DrawerViewControllerTests/Info.plist;
				LD_RUNPATH_SEARCH_PATHS = "$(inherited) @executable_path/Frameworks @loader_path/Frameworks";
				PRODUCT_BUNDLE_IDENTIFIER = com.ammar.DrawerViewControllerTests;
				PRODUCT_NAME = "$(TARGET_NAME)";
				TEST_HOST = "$(BUILT_PRODUCTS_DIR)/DrawerViewController.app/DrawerViewController";
			};
			name = Debug;
		};
		A0E5FB3B1C33C5D600FE25A4 /* Release */ = {
			isa = XCBuildConfiguration;
			buildSettings = {
				BUNDLE_LOADER = "$(TEST_HOST)";
				INFOPLIST_FILE = DrawerViewControllerTests/Info.plist;
				LD_RUNPATH_SEARCH_PATHS = "$(inherited) @executable_path/Frameworks @loader_path/Frameworks";
				PRODUCT_BUNDLE_IDENTIFIER = com.ammar.DrawerViewControllerTests;
				PRODUCT_NAME = "$(TARGET_NAME)";
				TEST_HOST = "$(BUILT_PRODUCTS_DIR)/DrawerViewController.app/DrawerViewController";
			};
			name = Release;
		};
		A0E5FB3D1C33C5D600FE25A4 /* Debug */ = {
			isa = XCBuildConfiguration;
			buildSettings = {
				INFOPLIST_FILE = DrawerViewControllerUITests/Info.plist;
				LD_RUNPATH_SEARCH_PATHS = "$(inherited) @executable_path/Frameworks @loader_path/Frameworks";
				PRODUCT_BUNDLE_IDENTIFIER = com.ammar.DrawerViewControllerUITests;
				PRODUCT_NAME = "$(TARGET_NAME)";
				TEST_TARGET_NAME = DrawerViewController;
				USES_XCTRUNNER = YES;
			};
			name = Debug;
		};
		A0E5FB3E1C33C5D600FE25A4 /* Release */ = {
			isa = XCBuildConfiguration;
			buildSettings = {
				INFOPLIST_FILE = DrawerViewControllerUITests/Info.plist;
				LD_RUNPATH_SEARCH_PATHS = "$(inherited) @executable_path/Frameworks @loader_path/Frameworks";
				PRODUCT_BUNDLE_IDENTIFIER = com.ammar.DrawerViewControllerUITests;
				PRODUCT_NAME = "$(TARGET_NAME)";
				TEST_TARGET_NAME = DrawerViewController;
				USES_XCTRUNNER = YES;
			};
			name = Release;
		};
/* End XCBuildConfiguration section */

/* Begin XCConfigurationList section */
		A0E5FB041C33C5D600FE25A4 /* Build configuration list for PBXProject "DrawerViewController" */ = {
			isa = XCConfigurationList;
			buildConfigurations = (
				A0E5FB341C33C5D600FE25A4 /* Debug */,
				A0E5FB351C33C5D600FE25A4 /* Release */,
			);
			defaultConfigurationIsVisible = 0;
			defaultConfigurationName = Release;
		};
		A0E5FB361C33C5D600FE25A4 /* Build configuration list for PBXNativeTarget "DrawerViewController" */ = {
			isa = XCConfigurationList;
			buildConfigurations = (
				A0E5FB371C33C5D600FE25A4 /* Debug */,
				A0E5FB381C33C5D600FE25A4 /* Release */,
			);
			defaultConfigurationIsVisible = 0;
			defaultConfigurationName = Release;
		};
		A0E5FB391C33C5D600FE25A4 /* Build configuration list for PBXNativeTarget "DrawerViewControllerTests" */ = {
			isa = XCConfigurationList;
			buildConfigurations = (
				A0E5FB3A1C33C5D600FE25A4 /* Debug */,
				A0E5FB3B1C33C5D600FE25A4 /* Release */,
			);
			defaultConfigurationIsVisible = 0;
			defaultConfigurationName = Release;
		};
		A0E5FB3C1C33C5D600FE25A4 /* Build configuration list for PBXNativeTarget "DrawerViewControllerUITests" */ = {
			isa = XCConfigurationList;
			buildConfigurations = (
				A0E5FB3D1C33C5D600FE25A4 /* Debug */,
				A0E5FB3E1C33C5D600FE25A4 /* Release */,
			);
			defaultConfigurationIsVisible = 0;
			defaultConfigurationName = Release;
		};
/* End XCConfigurationList section */
	};
	rootObject = A0E5FB011C33C5D600FE25A4 /* Project object */;
}
